// !$*UTF8*$!
{
	archiveVersion = 1;
	classes = {
	};
	objectVersion = 50;
	objects = {

/* Begin PBXBuildFile section */
		5542BDAF24683DB8003021EF /* SceneDelegate.swift in Sources */ = {isa = PBXBuildFile; fileRef = 5542BDAE24683DB8003021EF /* SceneDelegate.swift */; };
		558AF1A22450D5C100705228 /* AppDelegate.swift in Sources */ = {isa = PBXBuildFile; fileRef = 558AF1A12450D5C100705228 /* AppDelegate.swift */; };
		558AF1A62450D5C100705228 /* ViewController.swift in Sources */ = {isa = PBXBuildFile; fileRef = 558AF1A52450D5C100705228 /* ViewController.swift */; };
		558AF1A92450D5C100705228 /* Main.storyboard in Resources */ = {isa = PBXBuildFile; fileRef = 558AF1A72450D5C100705228 /* Main.storyboard */; };
		558AF1AB2450D5C100705228 /* Assets.xcassets in Resources */ = {isa = PBXBuildFile; fileRef = 558AF1AA2450D5C100705228 /* Assets.xcassets */; };
		558AF1AE2450D5C100705228 /* LaunchScreen.storyboard in Resources */ = {isa = PBXBuildFile; fileRef = 558AF1AC2450D5C100705228 /* LaunchScreen.storyboard */; };
		558AF1B92450D5C200705228 /* Chalmers_MenuTests.swift in Sources */ = {isa = PBXBuildFile; fileRef = 558AF1B82450D5C200705228 /* Chalmers_MenuTests.swift */; };
		55B790C824730C6C006D2A17 /* DailyMenuTableViewCell.swift in Sources */ = {isa = PBXBuildFile; fileRef = 55B790C724730C6C006D2A17 /* DailyMenuTableViewCell.swift */; };
		55B790CA247311D9006D2A17 /* DailyMenuTableViewController.swift in Sources */ = {isa = PBXBuildFile; fileRef = 55B790C9247311D9006D2A17 /* DailyMenuTableViewController.swift */; };
/* End PBXBuildFile section */

/* Begin PBXContainerItemProxy section */
		558AF1B52450D5C200705228 /* PBXContainerItemProxy */ = {
			isa = PBXContainerItemProxy;
			containerPortal = 558AF1962450D5C100705228 /* Project object */;
			proxyType = 1;
			remoteGlobalIDString = 558AF19D2450D5C100705228;
			remoteInfo = "Chalmers Menu";
		};
/* End PBXContainerItemProxy section */

/* Begin PBXFileReference section */
		5542BDAE24683DB8003021EF /* SceneDelegate.swift */ = {isa = PBXFileReference; lastKnownFileType = sourcecode.swift; path = SceneDelegate.swift; sourceTree = "<group>"; };
		558AF19E2450D5C100705228 /* Chalmers Menu.app */ = {isa = PBXFileReference; explicitFileType = wrapper.application; includeInIndex = 0; path = "Chalmers Menu.app"; sourceTree = BUILT_PRODUCTS_DIR; };
		558AF1A12450D5C100705228 /* AppDelegate.swift */ = {isa = PBXFileReference; lastKnownFileType = sourcecode.swift; path = AppDelegate.swift; sourceTree = "<group>"; };
		558AF1A52450D5C100705228 /* ViewController.swift */ = {isa = PBXFileReference; lastKnownFileType = sourcecode.swift; path = ViewController.swift; sourceTree = "<group>"; };
		558AF1A82450D5C100705228 /* Base */ = {isa = PBXFileReference; lastKnownFileType = file.storyboard; name = Base; path = Base.lproj/Main.storyboard; sourceTree = "<group>"; };
		558AF1AA2450D5C100705228 /* Assets.xcassets */ = {isa = PBXFileReference; lastKnownFileType = folder.assetcatalog; path = Assets.xcassets; sourceTree = "<group>"; };
		558AF1AD2450D5C100705228 /* Base */ = {isa = PBXFileReference; lastKnownFileType = file.storyboard; name = Base; path = Base.lproj/LaunchScreen.storyboard; sourceTree = "<group>"; };
		558AF1AF2450D5C100705228 /* Info.plist */ = {isa = PBXFileReference; lastKnownFileType = text.plist.xml; path = Info.plist; sourceTree = "<group>"; };
		558AF1B42450D5C200705228 /* Chalmers MenuTests.xctest */ = {isa = PBXFileReference; explicitFileType = wrapper.cfbundle; includeInIndex = 0; path = "Chalmers MenuTests.xctest"; sourceTree = BUILT_PRODUCTS_DIR; };
		558AF1B82450D5C200705228 /* Chalmers_MenuTests.swift */ = {isa = PBXFileReference; lastKnownFileType = sourcecode.swift; path = Chalmers_MenuTests.swift; sourceTree = "<group>"; };
		558AF1BA2450D5C200705228 /* Info.plist */ = {isa = PBXFileReference; lastKnownFileType = text.plist.xml; path = Info.plist; sourceTree = "<group>"; };
		55B790C724730C6C006D2A17 /* DailyMenuTableViewCell.swift */ = {isa = PBXFileReference; lastKnownFileType = sourcecode.swift; path = DailyMenuTableViewCell.swift; sourceTree = "<group>"; };
		55B790C9247311D9006D2A17 /* DailyMenuTableViewController.swift */ = {isa = PBXFileReference; lastKnownFileType = sourcecode.swift; path = DailyMenuTableViewController.swift; sourceTree = "<group>"; };
/* End PBXFileReference section */

/* Begin PBXFrameworksBuildPhase section */
		558AF19B2450D5C100705228 /* Frameworks */ = {
			isa = PBXFrameworksBuildPhase;
			buildActionMask = 2147483647;
			files = (
			);
			runOnlyForDeploymentPostprocessing = 0;
		};
		558AF1B12450D5C200705228 /* Frameworks */ = {
			isa = PBXFrameworksBuildPhase;
			buildActionMask = 2147483647;
			files = (
			);
			runOnlyForDeploymentPostprocessing = 0;
		};
/* End PBXFrameworksBuildPhase section */

/* Begin PBXGroup section */
		550F19A72468334E003FE6FB /* UI */ = {
			isa = PBXGroup;
			children = (
				55B790C624730C3A006D2A17 /* Cells */,
				558AF1A72450D5C100705228 /* Main.storyboard */,
				558AF1AC2450D5C100705228 /* LaunchScreen.storyboard */,
			);
			path = UI;
			sourceTree = "<group>";
		};
		550F19A82468337B003FE6FB /* Model */ = {
			isa = PBXGroup;
			children = (
			);
			path = Model;
			sourceTree = "<group>";
		};
		550F19A92468338C003FE6FB /* Controller */ = {
			isa = PBXGroup;
			children = (
				558AF1A52450D5C100705228 /* ViewController.swift */,
				55B790C9247311D9006D2A17 /* DailyMenuTableViewController.swift */,
			);
			path = Controller;
			sourceTree = "<group>";
		};
		558AF1952450D5C100705228 = {
			isa = PBXGroup;
			children = (
				558AF1A02450D5C100705228 /* Chalmers Menu */,
				558AF1B72450D5C200705228 /* Chalmers MenuTests */,
				558AF19F2450D5C100705228 /* Products */,
			);
			sourceTree = "<group>";
		};
		558AF19F2450D5C100705228 /* Products */ = {
			isa = PBXGroup;
			children = (
				558AF19E2450D5C100705228 /* Chalmers Menu.app */,
				558AF1B42450D5C200705228 /* Chalmers MenuTests.xctest */,
			);
			name = Products;
			sourceTree = "<group>";
		};
		558AF1A02450D5C100705228 /* Chalmers Menu */ = {
			isa = PBXGroup;
			children = (
				550F19A92468338C003FE6FB /* Controller */,
				550F19A82468337B003FE6FB /* Model */,
				550F19A72468334E003FE6FB /* UI */,
				558AF1A12450D5C100705228 /* AppDelegate.swift */,
				5542BDAE24683DB8003021EF /* SceneDelegate.swift */,
				558AF1AA2450D5C100705228 /* Assets.xcassets */,
				558AF1AF2450D5C100705228 /* Info.plist */,
			);
			path = "Chalmers Menu";
			sourceTree = "<group>";
		};
		558AF1B72450D5C200705228 /* Chalmers MenuTests */ = {
			isa = PBXGroup;
			children = (
				558AF1B82450D5C200705228 /* Chalmers_MenuTests.swift */,
				558AF1BA2450D5C200705228 /* Info.plist */,
			);
			path = "Chalmers MenuTests";
			sourceTree = "<group>";
		};
		55B790C624730C3A006D2A17 /* Cells */ = {
			isa = PBXGroup;
			children = (
				55B790C724730C6C006D2A17 /* DailyMenuTableViewCell.swift */,
			);
			path = Cells;
			sourceTree = "<group>";
		};
/* End PBXGroup section */

/* Begin PBXNativeTarget section */
		558AF19D2450D5C100705228 /* Chalmers Menu */ = {
			isa = PBXNativeTarget;
			buildConfigurationList = 558AF1BD2450D5C200705228 /* Build configuration list for PBXNativeTarget "Chalmers Menu" */;
			buildPhases = (
				558AF19A2450D5C100705228 /* Sources */,
				558AF19B2450D5C100705228 /* Frameworks */,
				558AF19C2450D5C100705228 /* Resources */,
			);
			buildRules = (
			);
			dependencies = (
			);
			name = "Chalmers Menu";
			productName = "Chalmers Menu";
			productReference = 558AF19E2450D5C100705228 /* Chalmers Menu.app */;
			productType = "com.apple.product-type.application";
		};
		558AF1B32450D5C200705228 /* Chalmers MenuTests */ = {
			isa = PBXNativeTarget;
			buildConfigurationList = 558AF1C02450D5C200705228 /* Build configuration list for PBXNativeTarget "Chalmers MenuTests" */;
			buildPhases = (
				558AF1B02450D5C200705228 /* Sources */,
				558AF1B12450D5C200705228 /* Frameworks */,
				558AF1B22450D5C200705228 /* Resources */,
			);
			buildRules = (
			);
			dependencies = (
				558AF1B62450D5C200705228 /* PBXTargetDependency */,
			);
			name = "Chalmers MenuTests";
			productName = "Chalmers MenuTests";
			productReference = 558AF1B42450D5C200705228 /* Chalmers MenuTests.xctest */;
			productType = "com.apple.product-type.bundle.unit-test";
		};
/* End PBXNativeTarget section */

/* Begin PBXProject section */
		558AF1962450D5C100705228 /* Project object */ = {
			isa = PBXProject;
			attributes = {
				LastSwiftUpdateCheck = 1140;
				LastUpgradeCheck = 1140;
				ORGANIZATIONNAME = "Daniel Karlkvist";
				TargetAttributes = {
					558AF19D2450D5C100705228 = {
						CreatedOnToolsVersion = 11.4.1;
					};
					558AF1B32450D5C200705228 = {
						CreatedOnToolsVersion = 11.4.1;
						TestTargetID = 558AF19D2450D5C100705228;
					};
				};
			};
			buildConfigurationList = 558AF1992450D5C100705228 /* Build configuration list for PBXProject "Chalmers Menu" */;
			compatibilityVersion = "Xcode 9.3";
			developmentRegion = en;
			hasScannedForEncodings = 0;
			knownRegions = (
				en,
				Base,
			);
			mainGroup = 558AF1952450D5C100705228;
			productRefGroup = 558AF19F2450D5C100705228 /* Products */;
			projectDirPath = "";
			projectRoot = "";
			targets = (
				558AF19D2450D5C100705228 /* Chalmers Menu */,
				558AF1B32450D5C200705228 /* Chalmers MenuTests */,
			);
		};
/* End PBXProject section */

/* Begin PBXResourcesBuildPhase section */
		558AF19C2450D5C100705228 /* Resources */ = {
			isa = PBXResourcesBuildPhase;
			buildActionMask = 2147483647;
			files = (
				558AF1AE2450D5C100705228 /* LaunchScreen.storyboard in Resources */,
				558AF1AB2450D5C100705228 /* Assets.xcassets in Resources */,
				558AF1A92450D5C100705228 /* Main.storyboard in Resources */,
			);
			runOnlyForDeploymentPostprocessing = 0;
		};
		558AF1B22450D5C200705228 /* Resources */ = {
			isa = PBXResourcesBuildPhase;
			buildActionMask = 2147483647;
			files = (
			);
			runOnlyForDeploymentPostprocessing = 0;
		};
/* End PBXResourcesBuildPhase section */

/* Begin PBXSourcesBuildPhase section */
		558AF19A2450D5C100705228 /* Sources */ = {
			isa = PBXSourcesBuildPhase;
			buildActionMask = 2147483647;
			files = (
				55B790CA247311D9006D2A17 /* DailyMenuTableViewController.swift in Sources */,
				558AF1A62450D5C100705228 /* ViewController.swift in Sources */,
				558AF1A22450D5C100705228 /* AppDelegate.swift in Sources */,
				55B790C824730C6C006D2A17 /* DailyMenuTableViewCell.swift in Sources */,
				5542BDAF24683DB8003021EF /* SceneDelegate.swift in Sources */,
			);
			runOnlyForDeploymentPostprocessing = 0;
		};
		558AF1B02450D5C200705228 /* Sources */ = {
			isa = PBXSourcesBuildPhase;
			buildActionMask = 2147483647;
			files = (
				558AF1B92450D5C200705228 /* Chalmers_MenuTests.swift in Sources */,
			);
			runOnlyForDeploymentPostprocessing = 0;
		};
/* End PBXSourcesBuildPhase section */

/* Begin PBXTargetDependency section */
		558AF1B62450D5C200705228 /* PBXTargetDependency */ = {
			isa = PBXTargetDependency;
			target = 558AF19D2450D5C100705228 /* Chalmers Menu */;
			targetProxy = 558AF1B52450D5C200705228 /* PBXContainerItemProxy */;
		};
/* End PBXTargetDependency section */

/* Begin PBXVariantGroup section */
		558AF1A72450D5C100705228 /* Main.storyboard */ = {
			isa = PBXVariantGroup;
			children = (
				558AF1A82450D5C100705228 /* Base */,
			);
			name = Main.storyboard;
			sourceTree = "<group>";
		};
		558AF1AC2450D5C100705228 /* LaunchScreen.storyboard */ = {
			isa = PBXVariantGroup;
			children = (
				558AF1AD2450D5C100705228 /* Base */,
			);
			name = LaunchScreen.storyboard;
			sourceTree = "<group>";
		};
/* End PBXVariantGroup section */

/* Begin XCBuildConfiguration section */
		558AF1BB2450D5C200705228 /* Debug */ = {
			isa = XCBuildConfiguration;
			buildSettings = {
				ALWAYS_SEARCH_USER_PATHS = NO;
				CLANG_ANALYZER_NONNULL = YES;
				CLANG_ANALYZER_NUMBER_OBJECT_CONVERSION = YES_AGGRESSIVE;
				CLANG_CXX_LANGUAGE_STANDARD = "gnu++14";
				CLANG_CXX_LIBRARY = "libc++";
				CLANG_ENABLE_MODULES = YES;
				CLANG_ENABLE_OBJC_ARC = YES;
				CLANG_ENABLE_OBJC_WEAK = YES;
				CLANG_WARN_BLOCK_CAPTURE_AUTORELEASING = YES;
				CLANG_WARN_BOOL_CONVERSION = YES;
				CLANG_WARN_COMMA = YES;
				CLANG_WARN_CONSTANT_CONVERSION = YES;
				CLANG_WARN_DEPRECATED_OBJC_IMPLEMENTATIONS = YES;
				CLANG_WARN_DIRECT_OBJC_ISA_USAGE = YES_ERROR;
				CLANG_WARN_DOCUMENTATION_COMMENTS = YES;
				CLANG_WARN_EMPTY_BODY = YES;
				CLANG_WARN_ENUM_CONVERSION = YES;
				CLANG_WARN_INFINITE_RECURSION = YES;
				CLANG_WARN_INT_CONVERSION = YES;
				CLANG_WARN_NON_LITERAL_NULL_CONVERSION = YES;
				CLANG_WARN_OBJC_IMPLICIT_RETAIN_SELF = YES;
				CLANG_WARN_OBJC_LITERAL_CONVERSION = YES;
				CLANG_WARN_OBJC_ROOT_CLASS = YES_ERROR;
				CLANG_WARN_RANGE_LOOP_ANALYSIS = YES;
				CLANG_WARN_STRICT_PROTOTYPES = YES;
				CLANG_WARN_SUSPICIOUS_MOVE = YES;
				CLANG_WARN_UNGUARDED_AVAILABILITY = YES_AGGRESSIVE;
				CLANG_WARN_UNREACHABLE_CODE = YES;
				CLANG_WARN__DUPLICATE_METHOD_MATCH = YES;
				COPY_PHASE_STRIP = NO;
				DEBUG_INFORMATION_FORMAT = dwarf;
				ENABLE_STRICT_OBJC_MSGSEND = YES;
				ENABLE_TESTABILITY = YES;
				GCC_C_LANGUAGE_STANDARD = gnu11;
				GCC_DYNAMIC_NO_PIC = NO;
				GCC_NO_COMMON_BLOCKS = YES;
				GCC_OPTIMIZATION_LEVEL = 0;
				GCC_PREPROCESSOR_DEFINITIONS = (
					"DEBUG=1",
					"$(inherited)",
				);
				GCC_WARN_64_TO_32_BIT_CONVERSION = YES;
				GCC_WARN_ABOUT_RETURN_TYPE = YES_ERROR;
				GCC_WARN_UNDECLARED_SELECTOR = YES;
				GCC_WARN_UNINITIALIZED_AUTOS = YES_AGGRESSIVE;
				GCC_WARN_UNUSED_FUNCTION = YES;
				GCC_WARN_UNUSED_VARIABLE = YES;
				IPHONEOS_DEPLOYMENT_TARGET = 13.4;
				MTL_ENABLE_DEBUG_INFO = INCLUDE_SOURCE;
				MTL_FAST_MATH = YES;
				ONLY_ACTIVE_ARCH = YES;
				SDKROOT = iphoneos;
				SWIFT_ACTIVE_COMPILATION_CONDITIONS = DEBUG;
				SWIFT_OPTIMIZATION_LEVEL = "-Onone";
			};
			name = Debug;
		};
		558AF1BC2450D5C200705228 /* Release */ = {
			isa = XCBuildConfiguration;
			buildSettings = {
				ALWAYS_SEARCH_USER_PATHS = NO;
				CLANG_ANALYZER_NONNULL = YES;
				CLANG_ANALYZER_NUMBER_OBJECT_CONVERSION = YES_AGGRESSIVE;
				CLANG_CXX_LANGUAGE_STANDARD = "gnu++14";
				CLANG_CXX_LIBRARY = "libc++";
				CLANG_ENABLE_MODULES = YES;
				CLANG_ENABLE_OBJC_ARC = YES;
				CLANG_ENABLE_OBJC_WEAK = YES;
				CLANG_WARN_BLOCK_CAPTURE_AUTORELEASING = YES;
				CLANG_WARN_BOOL_CONVERSION = YES;
				CLANG_WARN_COMMA = YES;
				CLANG_WARN_CONSTANT_CONVERSION = YES;
				CLANG_WARN_DEPRECATED_OBJC_IMPLEMENTATIONS = YES;
				CLANG_WARN_DIRECT_OBJC_ISA_USAGE = YES_ERROR;
				CLANG_WARN_DOCUMENTATION_COMMENTS = YES;
				CLANG_WARN_EMPTY_BODY = YES;
				CLANG_WARN_ENUM_CONVERSION = YES;
				CLANG_WARN_INFINITE_RECURSION = YES;
				CLANG_WARN_INT_CONVERSION = YES;
				CLANG_WARN_NON_LITERAL_NULL_CONVERSION = YES;
				CLANG_WARN_OBJC_IMPLICIT_RETAIN_SELF = YES;
				CLANG_WARN_OBJC_LITERAL_CONVERSION = YES;
				CLANG_WARN_OBJC_ROOT_CLASS = YES_ERROR;
				CLANG_WARN_RANGE_LOOP_ANALYSIS = YES;
				CLANG_WARN_STRICT_PROTOTYPES = YES;
				CLANG_WARN_SUSPICIOUS_MOVE = YES;
				CLANG_WARN_UNGUARDED_AVAILABILITY = YES_AGGRESSIVE;
				CLANG_WARN_UNREACHABLE_CODE = YES;
				CLANG_WARN__DUPLICATE_METHOD_MATCH = YES;
				COPY_PHASE_STRIP = NO;
				DEBUG_INFORMATION_FORMAT = "dwarf-with-dsym";
				ENABLE_NS_ASSERTIONS = NO;
				ENABLE_STRICT_OBJC_MSGSEND = YES;
				GCC_C_LANGUAGE_STANDARD = gnu11;
				GCC_NO_COMMON_BLOCKS = YES;
				GCC_WARN_64_TO_32_BIT_CONVERSION = YES;
				GCC_WARN_ABOUT_RETURN_TYPE = YES_ERROR;
				GCC_WARN_UNDECLARED_SELECTOR = YES;
				GCC_WARN_UNINITIALIZED_AUTOS = YES_AGGRESSIVE;
				GCC_WARN_UNUSED_FUNCTION = YES;
				GCC_WARN_UNUSED_VARIABLE = YES;
				IPHONEOS_DEPLOYMENT_TARGET = 13.4;
				MTL_ENABLE_DEBUG_INFO = NO;
				MTL_FAST_MATH = YES;
				SDKROOT = iphoneos;
				SWIFT_COMPILATION_MODE = wholemodule;
				SWIFT_OPTIMIZATION_LEVEL = "-O";
				VALIDATE_PRODUCT = YES;
			};
			name = Release;
		};
		558AF1BE2450D5C200705228 /* Debug */ = {
			isa = XCBuildConfiguration;
			buildSettings = {
				ASSETCATALOG_COMPILER_APPICON_NAME = AppIcon;
				CODE_SIGN_STYLE = Automatic;
				DEVELOPMENT_TEAM = 5ED723KE7L;
				INFOPLIST_FILE = "Chalmers Menu/Info.plist";
				IPHONEOS_DEPLOYMENT_TARGET = 13.0;
				LD_RUNPATH_SEARCH_PATHS = (
					"$(inherited)",
					"@executable_path/Frameworks",
				);
				PRODUCT_BUNDLE_IDENTIFIER = "danielkarlkvist.Chalmers-Menu";
				PRODUCT_NAME = "$(TARGET_NAME)";
				SWIFT_VERSION = 5.0;
				TARGETED_DEVICE_FAMILY = 1;
			};
			name = Debug;
		};
		558AF1BF2450D5C200705228 /* Release */ = {
			isa = XCBuildConfiguration;
			buildSettings = {
				ASSETCATALOG_COMPILER_APPICON_NAME = AppIcon;
				CODE_SIGN_STYLE = Automatic;
				DEVELOPMENT_TEAM = 5ED723KE7L;
				INFOPLIST_FILE = "Chalmers Menu/Info.plist";
				IPHONEOS_DEPLOYMENT_TARGET = 13.0;
				LD_RUNPATH_SEARCH_PATHS = (
					"$(inherited)",
					"@executable_path/Frameworks",
				);
				PRODUCT_BUNDLE_IDENTIFIER = "danielkarlkvist.Chalmers-Menu";
				PRODUCT_NAME = "$(TARGET_NAME)";
				SWIFT_VERSION = 5.0;
				TARGETED_DEVICE_FAMILY = 1;
			};
			name = Release;
		};
		558AF1C12450D5C200705228 /* Debug */ = {
			isa = XCBuildConfiguration;
			buildSettings = {
				ALWAYS_EMBED_SWIFT_STANDARD_LIBRARIES = YES;
				BUNDLE_LOADER = "$(TEST_HOST)";
				CODE_SIGN_STYLE = Automatic;
				DEVELOPMENT_TEAM = 5ED723KE7L;
				INFOPLIST_FILE = "Chalmers MenuTests/Info.plist";
				IPHONEOS_DEPLOYMENT_TARGET = 13.4;
				LD_RUNPATH_SEARCH_PATHS = (
					"$(inherited)",
					"@executable_path/Frameworks",
					"@loader_path/Frameworks",
				);
				PRODUCT_BUNDLE_IDENTIFIER = "danielkarlkvist.Chalmers-MenuTests";
				PRODUCT_NAME = "$(TARGET_NAME)";
				SWIFT_VERSION = 5.0;
				TARGETED_DEVICE_FAMILY = "1,2";
				TEST_HOST = "$(BUILT_PRODUCTS_DIR)/Chalmers Menu.app/Chalmers Menu";
			};
			name = Debug;
		};
		558AF1C22450D5C200705228 /* Release */ = {
			isa = XCBuildConfiguration;
			buildSettings = {
				ALWAYS_EMBED_SWIFT_STANDARD_LIBRARIES = YES;
				BUNDLE_LOADER = "$(TEST_HOST)";
				CODE_SIGN_STYLE = Automatic;
				DEVELOPMENT_TEAM = 5ED723KE7L;
				INFOPLIST_FILE = "Chalmers MenuTests/Info.plist";
				IPHONEOS_DEPLOYMENT_TARGET = 13.4;
				LD_RUNPATH_SEARCH_PATHS = (
					"$(inherited)",
					"@executable_path/Frameworks",
					"@loader_path/Frameworks",
				);
				PRODUCT_BUNDLE_IDENTIFIER = "danielkarlkvist.Chalmers-MenuTests";
				PRODUCT_NAME = "$(TARGET_NAME)";
				SWIFT_VERSION = 5.0;
				TARGETED_DEVICE_FAMILY = "1,2";
				TEST_HOST = "$(BUILT_PRODUCTS_DIR)/Chalmers Menu.app/Chalmers Menu";
			};
			name = Release;
		};
/* End XCBuildConfiguration section */

/* Begin XCConfigurationList section */
		558AF1992450D5C100705228 /* Build configuration list for PBXProject "Chalmers Menu" */ = {
			isa = XCConfigurationList;
			buildConfigurations = (
				558AF1BB2450D5C200705228 /* Debug */,
				558AF1BC2450D5C200705228 /* Release */,
			);
			defaultConfigurationIsVisible = 0;
			defaultConfigurationName = Release;
		};
		558AF1BD2450D5C200705228 /* Build configuration list for PBXNativeTarget "Chalmers Menu" */ = {
			isa = XCConfigurationList;
			buildConfigurations = (
				558AF1BE2450D5C200705228 /* Debug */,
				558AF1BF2450D5C200705228 /* Release */,
			);
			defaultConfigurationIsVisible = 0;
			defaultConfigurationName = Release;
		};
		558AF1C02450D5C200705228 /* Build configuration list for PBXNativeTarget "Chalmers MenuTests" */ = {
			isa = XCConfigurationList;
			buildConfigurations = (
				558AF1C12450D5C200705228 /* Debug */,
				558AF1C22450D5C200705228 /* Release */,
			);
			defaultConfigurationIsVisible = 0;
			defaultConfigurationName = Release;
		};
/* End XCConfigurationList section */
	};
	rootObject = 558AF1962450D5C100705228 /* Project object */;
}
